
Microsoft Visual Studio Solution File, Format Version 12.00
# Visual Studio 15
VisualStudioVersion = 15.0.28307.421
MinimumVisualStudioVersion = 10.0.40219.1
Project("{FAE04EC0-301F-11D3-BF4B-00C04F79EFBC}") = "BASIC.AUTHEN.API", "BASIC.AUTHEN.API\BASIC.AUTHEN.API.csproj", "{F61C5CF8-7305-477D-A847-BA9DB486C162}"
EndProject
Project("{FAE04EC0-301F-11D3-BF4B-00C04F79EFBC}") = "BASIC.AUTHEN.BUSSINESS", "BASIC.AUTHEN.BUSSINESS\BASIC.AUTHEN.BUSSINESS.csproj", "{0543DE0C-8286-4119-9ADB-959E431EF47D}"
EndProject
Project("{FAE04EC0-301F-11D3-BF4B-00C04F79EFBC}") = "BASIC.AUTHEN.DATA", "BASIC.AUTHEN.DATA\BASIC.AUTHEN.DATA.csproj", "{B8FE10A7-7B04-4CE5-BE73-5C3F104EFB71}"
EndProject
Global
	GlobalSection(SolutionConfigurationPlatforms) = preSolution
		Debug|Any CPU = Debug|Any CPU
		Release|Any CPU = Release|Any CPU
	EndGlobalSection
	GlobalSection(ProjectConfigurationPlatforms) = postSolution
		{F61C5CF8-7305-477D-A847-BA9DB486C162}.Debug|Any CPU.ActiveCfg = Debug|Any CPU
		{F61C5CF8-7305-477D-A847-BA9DB486C162}.Debug|Any CPU.Build.0 = Debug|Any CPU
		{F61C5CF8-7305-477D-A847-BA9DB486C162}.Release|Any CPU.ActiveCfg = Release|Any CPU
		{F61C5CF8-7305-477D-A847-BA9DB486C162}.Release|Any CPU.Build.0 = Release|Any CPU
		{0543DE0C-8286-4119-9ADB-959E431EF47D}.Debug|Any CPU.ActiveCfg = Debug|Any CPU
		{0543DE0C-8286-4119-9ADB-959E431EF47D}.Debug|Any CPU.Build.0 = Debug|Any CPU
		{0543DE0C-8286-4119-9ADB-959E431EF47D}.Release|Any CPU.ActiveCfg = Release|Any CPU
		{0543DE0C-8286-4119-9ADB-959E431EF47D}.Release|Any CPU.Build.0 = Release|Any CPU
		{B8FE10A7-7B04-4CE5-BE73-5C3F104EFB71}.Debug|Any CPU.ActiveCfg = Debug|Any CPU
		{B8FE10A7-7B04-4CE5-BE73-5C3F104EFB71}.Debug|Any CPU.Build.0 = Debug|Any CPU
		{B8FE10A7-7B04-4CE5-BE73-5C3F104EFB71}.Release|Any CPU.ActiveCfg = Release|Any CPU
		{B8FE10A7-7B04-4CE5-BE73-5C3F104EFB71}.Release|Any CPU.Build.0 = Release|Any CPU
	EndGlobalSection
	GlobalSection(SolutionProperties) = preSolution
		HideSolutionNode = FALSE
	EndGlobalSection
	GlobalSection(ExtensibilityGlobals) = postSolution
		SolutionGuid = {1BE87792-BE5E-45A9-A9F7-D1DBE9784396}
	EndGlobalSection
EndGlobal
